
Microsoft Visual Studio Solution File, Format Version 12.00
# Visual Studio Version 17
VisualStudioVersion = 17.14.36414.22 d17.14
MinimumVisualStudioVersion = 10.0.40219.1
Project("{FAE04EC0-301F-11D3-BF4B-00C04F79EFBC}") = "K1_Banken_Team1", "K1_Banken_Team1.csproj", "{D870BC9E-2DE3-46BA-88C5-C7AD60134CC7}"
EndProject
Global
	GlobalSection(SolutionConfigurationPlatforms) = preSolution
		Debug|Any CPU = Debug|Any CPU
		Release|Any CPU = Release|Any CPU
	EndGlobalSection
	GlobalSection(ProjectConfigurationPlatforms) = postSolution
		{D870BC9E-2DE3-46BA-88C5-C7AD60134CC7}.Debug|Any CPU.ActiveCfg = Debug|Any CPU
		{D870BC9E-2DE3-46BA-88C5-C7AD60134CC7}.Debug|Any CPU.Build.0 = Debug|Any CPU
		{D870BC9E-2DE3-46BA-88C5-C7AD60134CC7}.Release|Any CPU.ActiveCfg = Release|Any CPU
		{D870BC9E-2DE3-46BA-88C5-C7AD60134CC7}.Release|Any CPU.Build.0 = Release|Any CPU
	EndGlobalSection
	GlobalSection(SolutionProperties) = preSolution
		HideSolutionNode = FALSE
	EndGlobalSection
	GlobalSection(ExtensibilityGlobals) = postSolution
		SolutionGuid = {F6411706-7272-4BF2-BAB3-45A3D0D99A81}
	EndGlobalSection
EndGlobal
